
Microsoft Visual Studio Solution File, Format Version 12.00
# Visual Studio Version 17
VisualStudioVersion = 17.0.32014.148
MinimumVisualStudioVersion = 10.0.40219.1
Project("{FAE04EC0-301F-11D3-BF4B-00C04F79EFBC}") = "SeongGi-Hun", "SeongGi-Hun\SeongGi-Hun.csproj", "{3B2E109D-7C42-4B19-B473-B8C5418B143F}"
EndProject
Global
	GlobalSection(SolutionConfigurationPlatforms) = preSolution
		Debug|Any CPU = Debug|Any CPU
		Release|Any CPU = Release|Any CPU
	EndGlobalSection
	GlobalSection(ProjectConfigurationPlatforms) = postSolution
		{3B2E109D-7C42-4B19-B473-B8C5418B143F}.Debug|Any CPU.ActiveCfg = Debug|Any CPU
		{3B2E109D-7C42-4B19-B473-B8C5418B143F}.Debug|Any CPU.Build.0 = Debug|Any CPU
		{3B2E109D-7C42-4B19-B473-B8C5418B143F}.Release|Any CPU.ActiveCfg = Release|Any CPU
		{3B2E109D-7C42-4B19-B473-B8C5418B143F}.Release|Any CPU.Build.0 = Release|Any CPU
	EndGlobalSection
	GlobalSection(SolutionProperties) = preSolution
		HideSolutionNode = FALSE
	EndGlobalSection
	GlobalSection(ExtensibilityGlobals) = postSolution
		SolutionGuid = {D889D214-B366-47AE-90C0-7A13EF75228F}
	EndGlobalSection
EndGlobal
